<?xml version="1.0" encoding="utf-8"?>
<Project ToolsVersion="4.0" xmlns="http://schemas.microsoft.com/developer/msbuild/2003">
  <ItemGroup>
    <Filter Include="Resource Files">
      <UniqueIdentifier>{67DA6AB6-F800-4c08-8B7A-83BB121AAD01}</UniqueIdentifier>
      <Extensions>rc;ico;cur;bmp;dlg;rc2;rct;bin;rgs;gif;jpg;jpeg;jpe;resx;tiff;tif;png;wav</Extensions>
    </Filter>
    <Filter Include="Source Files">
      <UniqueIdentifier>{3512343d-23ba-4fcd-92b9-8fe97569e027}</UniqueIdentifier>
    </Filter>
    <Filter Include="Header Files">
      <UniqueIdentifier>{0444f5ad-6c72-490e-bc05-cab6ce0d26ae}</UniqueIdentifier>
    </Filter>
  </ItemGroup>
  <ItemGroup>
    <ClCompile Include="source\hap.c">
      <Filter>Source Files</Filter>
    </ClCompile>
    <ClCompile Include="source\decoder.cpp">
      <Filter>Source Files</Filter>
    </ClCompile>
    <ClCompile Include="source\YCoCg.cpp">
      <Filter>Source Files</Filter>
    </ClCompile>
    <ClCompile Include="source\YCoCgDXT.cpp">
      <Filter>Source Files</Filter>
    </ClCompile>
    <ClCompile Include="source\conversion.cpp">
      <Filter>Source Files</Filter>
    </ClCompile>
    <ClCompile Include="source\props.cpp">
      <Filter>Source Files</Filter>
    </ClCompile>
  </ItemGroup>
  <ItemGroup>
    <ClInclude Include="source\resource.h">
      <Filter>Header Files</Filter>
    </ClInclude>
    <ClInclude Include="source\hap.h">
      <Filter>Header Files</Filter>
    </ClInclude>
    <ClInclude Include="source\dbg.h">
      <Filter>Header Files</Filter>
    </ClInclude>
    <ClInclude Include="source\decoder.h">
      <Filter>Header Files</Filter>
    </ClInclude>
    <ClInclude Include="source\uids.h">
      <Filter>Header Files</Filter>
    </ClInclude>
    <ClInclude Include="source\version.h">
      <Filter>Header Files</Filter>
    </ClInclude>
    <ClInclude Include="source\YCoCg.h">
      <Filter>Header Files</Filter>
    </ClInclude>
    <ClInclude Include="source\YCoCgDXT.h">
      <Filter>Header Files</Filter>
    </ClInclude>
    <ClInclude Include="source\props.h">
      <Filter>Header Files</Filter>
    </ClInclude>
    <ClInclude Include="source\conversion.h">
      <Filter>Header Files</Filter>
    </ClInclude>
  </ItemGroup>
  <ItemGroup>
    <ResourceCompile Include="source\decoder.rc">
      <Filter>Resource Files</Filter>
    </ResourceCompile>
  </ItemGroup>
  <ItemGroup>
    <None Include="source\decoder.def">
      <Filter>Source Files</Filter>
    </None>
  </ItemGroup>
</Project>